
Microsoft Visual Studio Solution File, Format Version 12.00
# Visual Studio Version 17
VisualStudioVersion = 17.4.33205.214
MinimumVisualStudioVersion = 10.0.40219.1
Project("{FAE04EC0-301F-11D3-BF4B-00C04F79EFBC}") = "Looping", "Looping\Looping.csproj", "{F47C6D21-2535-4FCB-8D2B-03DFBD7F421D}"
EndProject
Project("{FAE04EC0-301F-11D3-BF4B-00C04F79EFBC}") = "ForLoopz", "ForLoopz\ForLoopz.csproj", "{A5CB6202-E8F8-4BF9-9160-89B5E745E1A1}"
EndProject
Project("{FAE04EC0-301F-11D3-BF4B-00C04F79EFBC}") = "DoWhile", "DoWhile\DoWhile.csproj", "{DDBF5043-145C-4891-950A-95F10AFB9EE1}"
EndProject
Project("{FAE04EC0-301F-11D3-BF4B-00C04F79EFBC}") = "NestedLoops", "NestedLoops\NestedLoops.csproj", "{36088A2D-4724-42D8-B7FE-B20F9A69A00F}"
EndProject
Project("{FAE04EC0-301F-11D3-BF4B-00C04F79EFBC}") = "Exercise", "Exercise\Exercise.csproj", "{CC4453ED-4073-41E6-831B-DF9E97F33C49}"
EndProject
Global
	GlobalSection(SolutionConfigurationPlatforms) = preSolution
		Debug|Any CPU = Debug|Any CPU
		Release|Any CPU = Release|Any CPU
	EndGlobalSection
	GlobalSection(ProjectConfigurationPlatforms) = postSolution
		{F47C6D21-2535-4FCB-8D2B-03DFBD7F421D}.Debug|Any CPU.ActiveCfg = Debug|Any CPU
		{F47C6D21-2535-4FCB-8D2B-03DFBD7F421D}.Debug|Any CPU.Build.0 = Debug|Any CPU
		{F47C6D21-2535-4FCB-8D2B-03DFBD7F421D}.Release|Any CPU.ActiveCfg = Release|Any CPU
		{F47C6D21-2535-4FCB-8D2B-03DFBD7F421D}.Release|Any CPU.Build.0 = Release|Any CPU
		{A5CB6202-E8F8-4BF9-9160-89B5E745E1A1}.Debug|Any CPU.ActiveCfg = Debug|Any CPU
		{A5CB6202-E8F8-4BF9-9160-89B5E745E1A1}.Debug|Any CPU.Build.0 = Debug|Any CPU
		{A5CB6202-E8F8-4BF9-9160-89B5E745E1A1}.Release|Any CPU.ActiveCfg = Release|Any CPU
		{A5CB6202-E8F8-4BF9-9160-89B5E745E1A1}.Release|Any CPU.Build.0 = Release|Any CPU
		{DDBF5043-145C-4891-950A-95F10AFB9EE1}.Debug|Any CPU.ActiveCfg = Debug|Any CPU
		{DDBF5043-145C-4891-950A-95F10AFB9EE1}.Debug|Any CPU.Build.0 = Debug|Any CPU
		{DDBF5043-145C-4891-950A-95F10AFB9EE1}.Release|Any CPU.ActiveCfg = Release|Any CPU
		{DDBF5043-145C-4891-950A-95F10AFB9EE1}.Release|Any CPU.Build.0 = Release|Any CPU
		{36088A2D-4724-42D8-B7FE-B20F9A69A00F}.Debug|Any CPU.ActiveCfg = Debug|Any CPU
		{36088A2D-4724-42D8-B7FE-B20F9A69A00F}.Debug|Any CPU.Build.0 = Debug|Any CPU
		{36088A2D-4724-42D8-B7FE-B20F9A69A00F}.Release|Any CPU.ActiveCfg = Release|Any CPU
		{36088A2D-4724-42D8-B7FE-B20F9A69A00F}.Release|Any CPU.Build.0 = Release|Any CPU
		{CC4453ED-4073-41E6-831B-DF9E97F33C49}.Debug|Any CPU.ActiveCfg = Debug|Any CPU
		{CC4453ED-4073-41E6-831B-DF9E97F33C49}.Debug|Any CPU.Build.0 = Debug|Any CPU
		{CC4453ED-4073-41E6-831B-DF9E97F33C49}.Release|Any CPU.ActiveCfg = Release|Any CPU
		{CC4453ED-4073-41E6-831B-DF9E97F33C49}.Release|Any CPU.Build.0 = Release|Any CPU
	EndGlobalSection
	GlobalSection(SolutionProperties) = preSolution
		HideSolutionNode = FALSE
	EndGlobalSection
	GlobalSection(ExtensibilityGlobals) = postSolution
		SolutionGuid = {30851E73-E01E-4319-9B17-2DE2A2D2058D}
	EndGlobalSection
EndGlobal
